
Microsoft Visual Studio Solution File, Format Version 12.00
# Visual Studio Version 16
VisualStudioVersion = 16.0.31613.86
MinimumVisualStudioVersion = 10.0.40219.1
Project("{9A19103F-16F7-4668-BE54-9A1E7A4F7556}") = "RandomMod", "RandomMod.csproj", "{80E97F0A-6C1C-4841-8A48-4FB55C85E357}"
EndProject
Global
	GlobalSection(SolutionConfigurationPlatforms) = preSolution
		Debug|Any CPU = Debug|Any CPU
		Release|Any CPU = Release|Any CPU
	EndGlobalSection
	GlobalSection(ProjectConfigurationPlatforms) = postSolution
		{80E97F0A-6C1C-4841-8A48-4FB55C85E357}.Debug|Any CPU.ActiveCfg = Debug|Any CPU
		{80E97F0A-6C1C-4841-8A48-4FB55C85E357}.Debug|Any CPU.Build.0 = Debug|Any CPU
		{80E97F0A-6C1C-4841-8A48-4FB55C85E357}.Release|Any CPU.ActiveCfg = Release|Any CPU
		{80E97F0A-6C1C-4841-8A48-4FB55C85E357}.Release|Any CPU.Build.0 = Release|Any CPU
	EndGlobalSection
	GlobalSection(SolutionProperties) = preSolution
		HideSolutionNode = FALSE
	EndGlobalSection
	GlobalSection(ExtensibilityGlobals) = postSolution
		SolutionGuid = {6A92731E-2EAE-4EEB-BA1B-2137CE9A02AD}
	EndGlobalSection
EndGlobal
